
Microsoft Visual Studio Solution File, Format Version 12.00
# Visual Studio Version 16
VisualStudioVersion = 16.0.31205.134
MinimumVisualStudioVersion = 10.0.40219.1
Project("{FAE04EC0-301F-11D3-BF4B-00C04F79EFBC}") = "BSTImplementation", "BSTImplementation\BSTImplementation.csproj", "{B3221B89-1057-4C4F-9AB2-CD2BEC8D73CA}"
EndProject
Global
	GlobalSection(SolutionConfigurationPlatforms) = preSolution
		Debug|Any CPU = Debug|Any CPU
		Release|Any CPU = Release|Any CPU
	EndGlobalSection
	GlobalSection(ProjectConfigurationPlatforms) = postSolution
		{B3221B89-1057-4C4F-9AB2-CD2BEC8D73CA}.Debug|Any CPU.ActiveCfg = Debug|Any CPU
		{B3221B89-1057-4C4F-9AB2-CD2BEC8D73CA}.Debug|Any CPU.Build.0 = Debug|Any CPU
		{B3221B89-1057-4C4F-9AB2-CD2BEC8D73CA}.Release|Any CPU.ActiveCfg = Release|Any CPU
		{B3221B89-1057-4C4F-9AB2-CD2BEC8D73CA}.Release|Any CPU.Build.0 = Release|Any CPU
	EndGlobalSection
	GlobalSection(SolutionProperties) = preSolution
		HideSolutionNode = FALSE
	EndGlobalSection
	GlobalSection(ExtensibilityGlobals) = postSolution
		SolutionGuid = {8D349B3E-410C-4677-8E3A-05BD560D0A29}
	EndGlobalSection
EndGlobal
